
Microsoft Visual Studio Solution File, Format Version 12.00
# Visual Studio Version 16
VisualStudioVersion = 16.0.29025.244
MinimumVisualStudioVersion = 10.0.40219.1
Project("{FAE04EC0-301F-11D3-BF4B-00C04F79EFBC}") = "Finding_Way", "Finding_Way.csproj", "{37993F11-0EB2-487C-B523-D74601139D47}"
EndProject
Global
	GlobalSection(SolutionConfigurationPlatforms) = preSolution
		Debug|Any CPU = Debug|Any CPU
		Release|Any CPU = Release|Any CPU
	EndGlobalSection
	GlobalSection(ProjectConfigurationPlatforms) = postSolution
		{37993F11-0EB2-487C-B523-D74601139D47}.Debug|Any CPU.ActiveCfg = Debug|Any CPU
		{37993F11-0EB2-487C-B523-D74601139D47}.Debug|Any CPU.Build.0 = Debug|Any CPU
		{37993F11-0EB2-487C-B523-D74601139D47}.Release|Any CPU.ActiveCfg = Release|Any CPU
		{37993F11-0EB2-487C-B523-D74601139D47}.Release|Any CPU.Build.0 = Release|Any CPU
	EndGlobalSection
	GlobalSection(SolutionProperties) = preSolution
		HideSolutionNode = FALSE
	EndGlobalSection
	GlobalSection(ExtensibilityGlobals) = postSolution
		SolutionGuid = {0A240362-1F6F-4DEA-ACF4-7666736C5A24}
	EndGlobalSection
EndGlobal
